
Microsoft Visual Studio Solution File, Format Version 12.00
# Visual Studio Version 16
VisualStudioVersion = 16.0.31624.102
MinimumVisualStudioVersion = 10.0.40219.1
Project("{FAE04EC0-301F-11D3-BF4B-00C04F79EFBC}") = "AimLab", "AimLab\AimLab.csproj", "{DA72A657-E953-4517-BC4B-4AAB519706D9}"
EndProject
Global
	GlobalSection(SolutionConfigurationPlatforms) = preSolution
		Debug|Any CPU = Debug|Any CPU
		Release|Any CPU = Release|Any CPU
	EndGlobalSection
	GlobalSection(ProjectConfigurationPlatforms) = postSolution
		{DA72A657-E953-4517-BC4B-4AAB519706D9}.Debug|Any CPU.ActiveCfg = Debug|Any CPU
		{DA72A657-E953-4517-BC4B-4AAB519706D9}.Debug|Any CPU.Build.0 = Debug|Any CPU
		{DA72A657-E953-4517-BC4B-4AAB519706D9}.Release|Any CPU.ActiveCfg = Release|Any CPU
		{DA72A657-E953-4517-BC4B-4AAB519706D9}.Release|Any CPU.Build.0 = Release|Any CPU
	EndGlobalSection
	GlobalSection(SolutionProperties) = preSolution
		HideSolutionNode = FALSE
	EndGlobalSection
	GlobalSection(ExtensibilityGlobals) = postSolution
		SolutionGuid = {AABABD03-BA35-471F-93CB-19EE64ECAB75}
	EndGlobalSection
EndGlobal
